# This file is autogenerated, do not edit; changes may be undone by the next 'dep ensure'.


[[projects]]
  branch = "master"
  name = "github.com/lucasb-eyer/go-colorful"
  packages = ["."]
  revision = "231272389856c976b7500c4fffcc52ddf06ff4eb"

[solve-meta]
  analyzer-name = "dep"
  analyzer-version = 1
  inputs-digest = "e640a1265f1aa08bcd99be6276a02d6aa4f9cf7f61b544472317a435062b3e94"
  solver-name = "gps-cdcl"
  solver-version = 1
